// !$*UTF8*$!
{
	archiveVersion = 1;
	classes = {
	};
	objectVersion = 46;
	objects = {

/* Begin PBXBuildFile section */
		B220A8F815E0A60C0002300D /* UIKit.framework in Frameworks */ = {isa = PBXBuildFile; fileRef = B220A8F715E0A60C0002300D /* UIKit.framework */; };
		B220A8FA15E0A60C0002300D /* Foundation.framework in Frameworks */ = {isa = PBXBuildFile; fileRef = B220A8F915E0A60C0002300D /* Foundation.framework */; };
		B220A8FC15E0A60C0002300D /* CoreGraphics.framework in Frameworks */ = {isa = PBXBuildFile; fileRef = B220A8FB15E0A60C0002300D /* CoreGraphics.framework */; };
		B220A90215E0A60C0002300D /* InfoPlist.strings in Resources */ = {isa = PBXBuildFile; fileRef = B220A90015E0A60C0002300D /* InfoPlist.strings */; };
		B220A90415E0A60C0002300D /* main.m in Sources */ = {isa = PBXBuildFile; fileRef = B220A90315E0A60C0002300D /* main.m */; };
		B220A90815E0A60C0002300D /* AppDelegate.m in Sources */ = {isa = PBXBuildFile; fileRef = B220A90715E0A60C0002300D /* AppDelegate.m */; };
		B220A90B15E0A60C0002300D /* MainStoryboard_iPhone.storyboard in Resources */ = {isa = PBXBuildFile; fileRef = B220A90915E0A60C0002300D /* MainStoryboard_iPhone.storyboard */; };
		B220A90E15E0A60C0002300D /* MainStoryboard_iPad.storyboard in Resources */ = {isa = PBXBuildFile; fileRef = B220A90C15E0A60C0002300D /* MainStoryboard_iPad.storyboard */; };
		B220A91115E0A60C0002300D /* FirstViewController.m in Sources */ = {isa = PBXBuildFile; fileRef = B220A91015E0A60C0002300D /* FirstViewController.m */; };
		B220A91315E0A60D0002300D /* first.png in Resources */ = {isa = PBXBuildFile; fileRef = B220A91215E0A60D0002300D /* first.png */; };
		B220A91515E0A60D0002300D /* first@2x.png in Resources */ = {isa = PBXBuildFile; fileRef = B220A91415E0A60D0002300D /* first@2x.png */; };
		B220A91815E0A60D0002300D /* SecondViewController.m in Sources */ = {isa = PBXBuildFile; fileRef = B220A91715E0A60D0002300D /* SecondViewController.m */; };
		B220A91A15E0A60D0002300D /* second.png in Resources */ = {isa = PBXBuildFile; fileRef = B220A91915E0A60D0002300D /* second.png */; };
		B220A91C15E0A60D0002300D /* second@2x.png in Resources */ = {isa = PBXBuildFile; fileRef = B220A91B15E0A60D0002300D /* second@2x.png */; };
		B220A92415E0A60D0002300D /* SenTestingKit.framework in Frameworks */ = {isa = PBXBuildFile; fileRef = B220A92315E0A60D0002300D /* SenTestingKit.framework */; };
		B220A92515E0A60D0002300D /* UIKit.framework in Frameworks */ = {isa = PBXBuildFile; fileRef = B220A8F715E0A60C0002300D /* UIKit.framework */; };
		B220A92615E0A60D0002300D /* Foundation.framework in Frameworks */ = {isa = PBXBuildFile; fileRef = B220A8F915E0A60C0002300D /* Foundation.framework */; };
		B220A92E15E0A60D0002300D /* InfoPlist.strings in Resources */ = {isa = PBXBuildFile; fileRef = B220A92C15E0A60D0002300D /* InfoPlist.strings */; };
		B220A93115E0A60D0002300D /* LinksAndSocialNetworkFrameworkTests.m in Sources */ = {isa = PBXBuildFile; fileRef = B220A93015E0A60D0002300D /* LinksAndSocialNetworkFrameworkTests.m */; };
/* End PBXBuildFile section */

/* Begin PBXContainerItemProxy section */
		B220A92715E0A60D0002300D /* PBXContainerItemProxy */ = {
			isa = PBXContainerItemProxy;
			containerPortal = B220A8EA15E0A60C0002300D /* Project object */;
			proxyType = 1;
			remoteGlobalIDString = B220A8F215E0A60C0002300D;
			remoteInfo = LinksAndSocialNetworkFramework;
		};
/* End PBXContainerItemProxy section */

/* Begin PBXFileReference section */
		B220A8F315E0A60C0002300D /* LinksAndSocialNetworkFramework.app */ = {isa = PBXFileReference; explicitFileType = wrapper.application; includeInIndex = 0; path = LinksAndSocialNetworkFramework.app; sourceTree = BUILT_PRODUCTS_DIR; };
		B220A8F715E0A60C0002300D /* UIKit.framework */ = {isa = PBXFileReference; lastKnownFileType = wrapper.framework; name = UIKit.framework; path = System/Library/Frameworks/UIKit.framework; sourceTree = SDKROOT; };
		B220A8F915E0A60C0002300D /* Foundation.framework */ = {isa = PBXFileReference; lastKnownFileType = wrapper.framework; name = Foundation.framework; path = System/Library/Frameworks/Foundation.framework; sourceTree = SDKROOT; };
		B220A8FB15E0A60C0002300D /* CoreGraphics.framework */ = {isa = PBXFileReference; lastKnownFileType = wrapper.framework; name = CoreGraphics.framework; path = System/Library/Frameworks/CoreGraphics.framework; sourceTree = SDKROOT; };
		B220A8FF15E0A60C0002300D /* LinksAndSocialNetworkFramework-Info.plist */ = {isa = PBXFileReference; lastKnownFileType = text.plist.xml; path = "LinksAndSocialNetworkFramework-Info.plist"; sourceTree = "<group>"; };
		B220A90115E0A60C0002300D /* en */ = {isa = PBXFileReference; lastKnownFileType = text.plist.strings; name = en; path = en.lproj/InfoPlist.strings; sourceTree = "<group>"; };
		B220A90315E0A60C0002300D /* main.m */ = {isa = PBXFileReference; lastKnownFileType = sourcecode.c.objc; path = main.m; sourceTree = "<group>"; };
		B220A90515E0A60C0002300D /* LinksAndSocialNetworkFramework-Prefix.pch */ = {isa = PBXFileReference; lastKnownFileType = sourcecode.c.h; path = "LinksAndSocialNetworkFramework-Prefix.pch"; sourceTree = "<group>"; };
		B220A90615E0A60C0002300D /* AppDelegate.h */ = {isa = PBXFileReference; lastKnownFileType = sourcecode.c.h; path = AppDelegate.h; sourceTree = "<group>"; };
		B220A90715E0A60C0002300D /* AppDelegate.m */ = {isa = PBXFileReference; lastKnownFileType = sourcecode.c.objc; path = AppDelegate.m; sourceTree = "<group>"; };
		B220A90A15E0A60C0002300D /* en */ = {isa = PBXFileReference; lastKnownFileType = file.storyboard; name = en; path = en.lproj/MainStoryboard_iPhone.storyboard; sourceTree = "<group>"; };
		B220A90D15E0A60C0002300D /* en */ = {isa = PBXFileReference; lastKnownFileType = file.storyboard; name = en; path = en.lproj/MainStoryboard_iPad.storyboard; sourceTree = "<group>"; };
		B220A90F15E0A60C0002300D /* FirstViewController.h */ = {isa = PBXFileReference; lastKnownFileType = sourcecode.c.h; path = FirstViewController.h; sourceTree = "<group>"; };
		B220A91015E0A60C0002300D /* FirstViewController.m */ = {isa = PBXFileReference; lastKnownFileType = sourcecode.c.objc; path = FirstViewController.m; sourceTree = "<group>"; };
		B220A91215E0A60D0002300D /* first.png */ = {isa = PBXFileReference; lastKnownFileType = image.png; path = first.png; sourceTree = "<group>"; };
		B220A91415E0A60D0002300D /* first@2x.png */ = {isa = PBXFileReference; lastKnownFileType = image.png; path = "first@2x.png"; sourceTree = "<group>"; };
		B220A91615E0A60D0002300D /* SecondViewController.h */ = {isa = PBXFileReference; lastKnownFileType = sourcecode.c.h; path = SecondViewController.h; sourceTree = "<group>"; };
		B220A91715E0A60D0002300D /* SecondViewController.m */ = {isa = PBXFileReference; lastKnownFileType = sourcecode.c.objc; path = SecondViewController.m; sourceTree = "<group>"; };
		B220A91915E0A60D0002300D /* second.png */ = {isa = PBXFileReference; lastKnownFileType = image.png; path = second.png; sourceTree = "<group>"; };
		B220A91B15E0A60D0002300D /* second@2x.png */ = {isa = PBXFileReference; lastKnownFileType = image.png; path = "second@2x.png"; sourceTree = "<group>"; };
		B220A92215E0A60D0002300D /* LinksAndSocialNetworkFrameworkTests.octest */ = {isa = PBXFileReference; explicitFileType = wrapper.cfbundle; includeInIndex = 0; path = LinksAndSocialNetworkFrameworkTests.octest; sourceTree = BUILT_PRODUCTS_DIR; };
		B220A92315E0A60D0002300D /* SenTestingKit.framework */ = {isa = PBXFileReference; lastKnownFileType = wrapper.framework; name = SenTestingKit.framework; path = Library/Frameworks/SenTestingKit.framework; sourceTree = DEVELOPER_DIR; };
		B220A92B15E0A60D0002300D /* LinksAndSocialNetworkFrameworkTests-Info.plist */ = {isa = PBXFileReference; lastKnownFileType = text.plist.xml; path = "LinksAndSocialNetworkFrameworkTests-Info.plist"; sourceTree = "<group>"; };
		B220A92D15E0A60D0002300D /* en */ = {isa = PBXFileReference; lastKnownFileType = text.plist.strings; name = en; path = en.lproj/InfoPlist.strings; sourceTree = "<group>"; };
		B220A92F15E0A60D0002300D /* LinksAndSocialNetworkFrameworkTests.h */ = {isa = PBXFileReference; lastKnownFileType = sourcecode.c.h; path = LinksAndSocialNetworkFrameworkTests.h; sourceTree = "<group>"; };
		B220A93015E0A60D0002300D /* LinksAndSocialNetworkFrameworkTests.m */ = {isa = PBXFileReference; lastKnownFileType = sourcecode.c.objc; path = LinksAndSocialNetworkFrameworkTests.m; sourceTree = "<group>"; };
/* End PBXFileReference section */

/* Begin PBXFrameworksBuildPhase section */
		B220A8F015E0A60C0002300D /* Frameworks */ = {
			isa = PBXFrameworksBuildPhase;
			buildActionMask = 2147483647;
			files = (
				B220A8F815E0A60C0002300D /* UIKit.framework in Frameworks */,
				B220A8FA15E0A60C0002300D /* Foundation.framework in Frameworks */,
				B220A8FC15E0A60C0002300D /* CoreGraphics.framework in Frameworks */,
			);
			runOnlyForDeploymentPostprocessing = 0;
		};
		B220A91E15E0A60D0002300D /* Frameworks */ = {
			isa = PBXFrameworksBuildPhase;
			buildActionMask = 2147483647;
			files = (
				B220A92415E0A60D0002300D /* SenTestingKit.framework in Frameworks */,
				B220A92515E0A60D0002300D /* UIKit.framework in Frameworks */,
				B220A92615E0A60D0002300D /* Foundation.framework in Frameworks */,
			);
			runOnlyForDeploymentPostprocessing = 0;
		};
/* End PBXFrameworksBuildPhase section */

/* Begin PBXGroup section */
		B220A8E815E0A60C0002300D = {
			isa = PBXGroup;
			children = (
				B220A8FD15E0A60C0002300D /* LinksAndSocialNetworkFramework */,
				B220A92915E0A60D0002300D /* LinksAndSocialNetworkFrameworkTests */,
				B220A8F615E0A60C0002300D /* Frameworks */,
				B220A8F415E0A60C0002300D /* Products */,
			);
			sourceTree = "<group>";
		};
		B220A8F415E0A60C0002300D /* Products */ = {
			isa = PBXGroup;
			children = (
				B220A8F315E0A60C0002300D /* LinksAndSocialNetworkFramework.app */,
				B220A92215E0A60D0002300D /* LinksAndSocialNetworkFrameworkTests.octest */,
			);
			name = Products;
			sourceTree = "<group>";
		};
		B220A8F615E0A60C0002300D /* Frameworks */ = {
			isa = PBXGroup;
			children = (
				B220A8F715E0A60C0002300D /* UIKit.framework */,
				B220A8F915E0A60C0002300D /* Foundation.framework */,
				B220A8FB15E0A60C0002300D /* CoreGraphics.framework */,
				B220A92315E0A60D0002300D /* SenTestingKit.framework */,
			);
			name = Frameworks;
			sourceTree = "<group>";
		};
		B220A8FD15E0A60C0002300D /* LinksAndSocialNetworkFramework */ = {
			isa = PBXGroup;
			children = (
				B220A90615E0A60C0002300D /* AppDelegate.h */,
				B220A90715E0A60C0002300D /* AppDelegate.m */,
				B220A90915E0A60C0002300D /* MainStoryboard_iPhone.storyboard */,
				B220A90C15E0A60C0002300D /* MainStoryboard_iPad.storyboard */,
				B220A90F15E0A60C0002300D /* FirstViewController.h */,
				B220A91015E0A60C0002300D /* FirstViewController.m */,
				B220A91215E0A60D0002300D /* first.png */,
				B220A91415E0A60D0002300D /* first@2x.png */,
				B220A91615E0A60D0002300D /* SecondViewController.h */,
				B220A91715E0A60D0002300D /* SecondViewController.m */,
				B220A91915E0A60D0002300D /* second.png */,
				B220A91B15E0A60D0002300D /* second@2x.png */,
				B220A8FE15E0A60C0002300D /* Supporting Files */,
			);
			path = LinksAndSocialNetworkFramework;
			sourceTree = "<group>";
		};
		B220A8FE15E0A60C0002300D /* Supporting Files */ = {
			isa = PBXGroup;
			children = (
				B220A8FF15E0A60C0002300D /* LinksAndSocialNetworkFramework-Info.plist */,
				B220A90015E0A60C0002300D /* InfoPlist.strings */,
				B220A90315E0A60C0002300D /* main.m */,
				B220A90515E0A60C0002300D /* LinksAndSocialNetworkFramework-Prefix.pch */,
			);
			name = "Supporting Files";
			sourceTree = "<group>";
		};
		B220A92915E0A60D0002300D /* LinksAndSocialNetworkFrameworkTests */ = {
			isa = PBXGroup;
			children = (
				B220A92F15E0A60D0002300D /* LinksAndSocialNetworkFrameworkTests.h */,
				B220A93015E0A60D0002300D /* LinksAndSocialNetworkFrameworkTests.m */,
				B220A92A15E0A60D0002300D /* Supporting Files */,
			);
			path = LinksAndSocialNetworkFrameworkTests;
			sourceTree = "<group>";
		};
		B220A92A15E0A60D0002300D /* Supporting Files */ = {
			isa = PBXGroup;
			children = (
				B220A92B15E0A60D0002300D /* LinksAndSocialNetworkFrameworkTests-Info.plist */,
				B220A92C15E0A60D0002300D /* InfoPlist.strings */,
			);
			name = "Supporting Files";
			sourceTree = "<group>";
		};
/* End PBXGroup section */

/* Begin PBXNativeTarget section */
		B220A8F215E0A60C0002300D /* LinksAndSocialNetworkFramework */ = {
			isa = PBXNativeTarget;
			buildConfigurationList = B220A93415E0A60D0002300D /* Build configuration list for PBXNativeTarget "LinksAndSocialNetworkFramework" */;
			buildPhases = (
				B220A8EF15E0A60C0002300D /* Sources */,
				B220A8F015E0A60C0002300D /* Frameworks */,
				B220A8F115E0A60C0002300D /* Resources */,
			);
			buildRules = (
			);
			dependencies = (
			);
			name = LinksAndSocialNetworkFramework;
			productName = LinksAndSocialNetworkFramework;
			productReference = B220A8F315E0A60C0002300D /* LinksAndSocialNetworkFramework.app */;
			productType = "com.apple.product-type.application";
		};
		B220A92115E0A60D0002300D /* LinksAndSocialNetworkFrameworkTests */ = {
			isa = PBXNativeTarget;
			buildConfigurationList = B220A93715E0A60D0002300D /* Build configuration list for PBXNativeTarget "LinksAndSocialNetworkFrameworkTests" */;
			buildPhases = (
				B220A91D15E0A60D0002300D /* Sources */,
				B220A91E15E0A60D0002300D /* Frameworks */,
				B220A91F15E0A60D0002300D /* Resources */,
				B220A92015E0A60D0002300D /* ShellScript */,
			);
			buildRules = (
			);
			dependencies = (
				B220A92815E0A60D0002300D /* PBXTargetDependency */,
			);
			name = LinksAndSocialNetworkFrameworkTests;
			productName = LinksAndSocialNetworkFrameworkTests;
			productReference = B220A92215E0A60D0002300D /* LinksAndSocialNetworkFrameworkTests.octest */;
			productType = "com.apple.product-type.bundle";
		};
/* End PBXNativeTarget section */

/* Begin PBXProject section */
		B220A8EA15E0A60C0002300D /* Project object */ = {
			isa = PBXProject;
			attributes = {
				LastUpgradeCheck = 0430;
			};
			buildConfigurationList = B220A8ED15E0A60C0002300D /* Build configuration list for PBXProject "LinksAndSocialNetworkFramework" */;
			compatibilityVersion = "Xcode 3.2";
			developmentRegion = English;
			hasScannedForEncodings = 0;
			knownRegions = (
				en,
			);
			mainGroup = B220A8E815E0A60C0002300D;
			productRefGroup = B220A8F415E0A60C0002300D /* Products */;
			projectDirPath = "";
			projectRoot = "";
			targets = (
				B220A8F215E0A60C0002300D /* LinksAndSocialNetworkFramework */,
				B220A92115E0A60D0002300D /* LinksAndSocialNetworkFrameworkTests */,
			);
		};
/* End PBXProject section */

/* Begin PBXResourcesBuildPhase section */
		B220A8F115E0A60C0002300D /* Resources */ = {
			isa = PBXResourcesBuildPhase;
			buildActionMask = 2147483647;
			files = (
				B220A90215E0A60C0002300D /* InfoPlist.strings in Resources */,
				B220A90B15E0A60C0002300D /* MainStoryboard_iPhone.storyboard in Resources */,
				B220A90E15E0A60C0002300D /* MainStoryboard_iPad.storyboard in Resources */,
				B220A91315E0A60D0002300D /* first.png in Resources */,
				B220A91515E0A60D0002300D /* first@2x.png in Resources */,
				B220A91A15E0A60D0002300D /* second.png in Resources */,
				B220A91C15E0A60D0002300D /* second@2x.png in Resources */,
			);
			runOnlyForDeploymentPostprocessing = 0;
		};
		B220A91F15E0A60D0002300D /* Resources */ = {
			isa = PBXResourcesBuildPhase;
			buildActionMask = 2147483647;
			files = (
				B220A92E15E0A60D0002300D /* InfoPlist.strings in Resources */,
			);
			runOnlyForDeploymentPostprocessing = 0;
		};
/* End PBXResourcesBuildPhase section */

/* Begin PBXShellScriptBuildPhase section */
		B220A92015E0A60D0002300D /* ShellScript */ = {
			isa = PBXShellScriptBuildPhase;
			buildActionMask = 2147483647;
			files = (
			);
			inputPaths = (
			);
			outputPaths = (
			);
			runOnlyForDeploymentPostprocessing = 0;
			shellPath = /bin/sh;
			shellScript = "# Run the unit tests in this test bundle.\n\"${SYSTEM_DEVELOPER_DIR}/Tools/RunUnitTests\"\n";
		};
/* End PBXShellScriptBuildPhase section */

/* Begin PBXSourcesBuildPhase section */
		B220A8EF15E0A60C0002300D /* Sources */ = {
			isa = PBXSourcesBuildPhase;
			buildActionMask = 2147483647;
			files = (
				B220A90415E0A60C0002300D /* main.m in Sources */,
				B220A90815E0A60C0002300D /* AppDelegate.m in Sources */,
				B220A91115E0A60C0002300D /* FirstViewController.m in Sources */,
				B220A91815E0A60D0002300D /* SecondViewController.m in Sources */,
			);
			runOnlyForDeploymentPostprocessing = 0;
		};
		B220A91D15E0A60D0002300D /* Sources */ = {
			isa = PBXSourcesBuildPhase;
			buildActionMask = 2147483647;
			files = (
				B220A93115E0A60D0002300D /* LinksAndSocialNetworkFrameworkTests.m in Sources */,
			);
			runOnlyForDeploymentPostprocessing = 0;
		};
/* End PBXSourcesBuildPhase section */

/* Begin PBXTargetDependency section */
		B220A92815E0A60D0002300D /* PBXTargetDependency */ = {
			isa = PBXTargetDependency;
			target = B220A8F215E0A60C0002300D /* LinksAndSocialNetworkFramework */;
			targetProxy = B220A92715E0A60D0002300D /* PBXContainerItemProxy */;
		};
/* End PBXTargetDependency section */

/* Begin PBXVariantGroup section */
		B220A90015E0A60C0002300D /* InfoPlist.strings */ = {
			isa = PBXVariantGroup;
			children = (
				B220A90115E0A60C0002300D /* en */,
			);
			name = InfoPlist.strings;
			sourceTree = "<group>";
		};
		B220A90915E0A60C0002300D /* MainStoryboard_iPhone.storyboard */ = {
			isa = PBXVariantGroup;
			children = (
				B220A90A15E0A60C0002300D /* en */,
			);
			name = MainStoryboard_iPhone.storyboard;
			sourceTree = "<group>";
		};
		B220A90C15E0A60C0002300D /* MainStoryboard_iPad.storyboard */ = {
			isa = PBXVariantGroup;
			children = (
				B220A90D15E0A60C0002300D /* en */,
			);
			name = MainStoryboard_iPad.storyboard;
			sourceTree = "<group>";
		};
		B220A92C15E0A60D0002300D /* InfoPlist.strings */ = {
			isa = PBXVariantGroup;
			children = (
				B220A92D15E0A60D0002300D /* en */,
			);
			name = InfoPlist.strings;
			sourceTree = "<group>";
		};
/* End PBXVariantGroup section */

/* Begin XCBuildConfiguration section */
		B220A93215E0A60D0002300D /* Debug */ = {
			isa = XCBuildConfiguration;
			buildSettings = {
				ALWAYS_SEARCH_USER_PATHS = NO;
				ARCHS = "$(ARCHS_STANDARD_32_BIT)";
				CLANG_ENABLE_OBJC_ARC = YES;
				"CODE_SIGN_IDENTITY[sdk=iphoneos*]" = "iPhone Developer";
				COPY_PHASE_STRIP = NO;
				GCC_C_LANGUAGE_STANDARD = gnu99;
				GCC_DYNAMIC_NO_PIC = NO;
				GCC_OPTIMIZATION_LEVEL = 0;
				GCC_PREPROCESSOR_DEFINITIONS = (
					"DEBUG=1",
					"$(inherited)",
				);
				GCC_SYMBOLS_PRIVATE_EXTERN = NO;
				GCC_VERSION = com.apple.compilers.llvm.clang.1_0;
				GCC_WARN_ABOUT_RETURN_TYPE = YES;
				GCC_WARN_UNINITIALIZED_AUTOS = YES;
				GCC_WARN_UNUSED_VARIABLE = YES;
				IPHONEOS_DEPLOYMENT_TARGET = 5.1;
				SDKROOT = iphoneos;
				TARGETED_DEVICE_FAMILY = "1,2";
			};
			name = Debug;
		};
		B220A93315E0A60D0002300D /* Release */ = {
			isa = XCBuildConfiguration;
			buildSettings = {
				ALWAYS_SEARCH_USER_PATHS = NO;
				ARCHS = "$(ARCHS_STANDARD_32_BIT)";
				CLANG_ENABLE_OBJC_ARC = YES;
				"CODE_SIGN_IDENTITY[sdk=iphoneos*]" = "iPhone Developer";
				COPY_PHASE_STRIP = YES;
				GCC_C_LANGUAGE_STANDARD = gnu99;
				GCC_VERSION = com.apple.compilers.llvm.clang.1_0;
				GCC_WARN_ABOUT_RETURN_TYPE = YES;
				GCC_WARN_UNINITIALIZED_AUTOS = YES;
				GCC_WARN_UNUSED_VARIABLE = YES;
				IPHONEOS_DEPLOYMENT_TARGET = 5.1;
				OTHER_CFLAGS = "-DNS_BLOCK_ASSERTIONS=1";
				SDKROOT = iphoneos;
				TARGETED_DEVICE_FAMILY = "1,2";
				VALIDATE_PRODUCT = YES;
			};
			name = Release;
		};
		B220A93515E0A60D0002300D /* Debug */ = {
			isa = XCBuildConfiguration;
			buildSettings = {
				GCC_PRECOMPILE_PREFIX_HEADER = YES;
				GCC_PREFIX_HEADER = "LinksAndSocialNetworkFramework/LinksAndSocialNetworkFramework-Prefix.pch";
				INFOPLIST_FILE = "LinksAndSocialNetworkFramework/LinksAndSocialNetworkFramework-Info.plist";
				PRODUCT_NAME = "$(TARGET_NAME)";
				WRAPPER_EXTENSION = app;
			};
			name = Debug;
		};
		B220A93615E0A60D0002300D /* Release */ = {
			isa = XCBuildConfiguration;
			buildSettings = {
				GCC_PRECOMPILE_PREFIX_HEADER = YES;
				GCC_PREFIX_HEADER = "LinksAndSocialNetworkFramework/LinksAndSocialNetworkFramework-Prefix.pch";
				INFOPLIST_FILE = "LinksAndSocialNetworkFramework/LinksAndSocialNetworkFramework-Info.plist";
				PRODUCT_NAME = "$(TARGET_NAME)";
				WRAPPER_EXTENSION = app;
			};
			name = Release;
		};
		B220A93815E0A60D0002300D /* Debug */ = {
			isa = XCBuildConfiguration;
			buildSettings = {
				BUNDLE_LOADER = "$(BUILT_PRODUCTS_DIR)/LinksAndSocialNetworkFramework.app/LinksAndSocialNetworkFramework";
				FRAMEWORK_SEARCH_PATHS = (
					"$(SDKROOT)/Developer/Library/Frameworks",
					"$(DEVELOPER_LIBRARY_DIR)/Frameworks",
				);
				GCC_PRECOMPILE_PREFIX_HEADER = YES;
				GCC_PREFIX_HEADER = "LinksAndSocialNetworkFramework/LinksAndSocialNetworkFramework-Prefix.pch";
				INFOPLIST_FILE = "LinksAndSocialNetworkFrameworkTests/LinksAndSocialNetworkFrameworkTests-Info.plist";
				PRODUCT_NAME = "$(TARGET_NAME)";
				TEST_HOST = "$(BUNDLE_LOADER)";
				WRAPPER_EXTENSION = octest;
			};
			name = Debug;
		};
		B220A93915E0A60D0002300D /* Release */ = {
			isa = XCBuildConfiguration;
			buildSettings = {
				BUNDLE_LOADER = "$(BUILT_PRODUCTS_DIR)/LinksAndSocialNetworkFramework.app/LinksAndSocialNetworkFramework";
				FRAMEWORK_SEARCH_PATHS = (
					"$(SDKROOT)/Developer/Library/Frameworks",
					"$(DEVELOPER_LIBRARY_DIR)/Frameworks",
				);
				GCC_PRECOMPILE_PREFIX_HEADER = YES;
				GCC_PREFIX_HEADER = "LinksAndSocialNetworkFramework/LinksAndSocialNetworkFramework-Prefix.pch";
				INFOPLIST_FILE = "LinksAndSocialNetworkFrameworkTests/LinksAndSocialNetworkFrameworkTests-Info.plist";
				PRODUCT_NAME = "$(TARGET_NAME)";
				TEST_HOST = "$(BUNDLE_LOADER)";
				WRAPPER_EXTENSION = octest;
			};
			name = Release;
		};
/* End XCBuildConfiguration section */

/* Begin XCConfigurationList section */
		B220A8ED15E0A60C0002300D /* Build configuration list for PBXProject "LinksAndSocialNetworkFramework" */ = {
			isa = XCConfigurationList;
			buildConfigurations = (
				B220A93215E0A60D0002300D /* Debug */,
				B220A93315E0A60D0002300D /* Release */,
			);
			defaultConfigurationIsVisible = 0;
			defaultConfigurationName = Release;
		};
		B220A93415E0A60D0002300D /* Build configuration list for PBXNativeTarget "LinksAndSocialNetworkFramework" */ = {
			isa = XCConfigurationList;
			buildConfigurations = (
				B220A93515E0A60D0002300D /* Debug */,
				B220A93615E0A60D0002300D /* Release */,
			);
			defaultConfigurationIsVisible = 0;
		};
		B220A93715E0A60D0002300D /* Build configuration list for PBXNativeTarget "LinksAndSocialNetworkFrameworkTests" */ = {
			isa = XCConfigurationList;
			buildConfigurations = (
				B220A93815E0A60D0002300D /* Debug */,
				B220A93915E0A60D0002300D /* Release */,
			);
			defaultConfigurationIsVisible = 0;
		};
/* End XCConfigurationList section */
	};
	rootObject = B220A8EA15E0A60C0002300D /* Project object */;
}
